
Microsoft Visual Studio Solution File, Format Version 12.00
# Visual Studio 15
VisualStudioVersion = 15.0.27130.2027
MinimumVisualStudioVersion = 10.0.40219.1
Project("{FAE04EC0-301F-11D3-BF4B-00C04F79EFBC}") = "Workshop 4", "OOCPS Day 3\Workshop 4.csproj", "{8B2D2FAE-9253-4DE6-8F2E-3DBD544CA9B5}"
EndProject
Global
	GlobalSection(SolutionConfigurationPlatforms) = preSolution
		Debug|Any CPU = Debug|Any CPU
		Release|Any CPU = Release|Any CPU
	EndGlobalSection
	GlobalSection(ProjectConfigurationPlatforms) = postSolution
		{8B2D2FAE-9253-4DE6-8F2E-3DBD544CA9B5}.Debug|Any CPU.ActiveCfg = Debug|Any CPU
		{8B2D2FAE-9253-4DE6-8F2E-3DBD544CA9B5}.Debug|Any CPU.Build.0 = Debug|Any CPU
		{8B2D2FAE-9253-4DE6-8F2E-3DBD544CA9B5}.Release|Any CPU.ActiveCfg = Release|Any CPU
		{8B2D2FAE-9253-4DE6-8F2E-3DBD544CA9B5}.Release|Any CPU.Build.0 = Release|Any CPU
	EndGlobalSection
	GlobalSection(SolutionProperties) = preSolution
		HideSolutionNode = FALSE
	EndGlobalSection
	GlobalSection(ExtensibilityGlobals) = postSolution
		SolutionGuid = {78BDCDA3-B684-403D-BE3B-A6795C8384EA}
	EndGlobalSection
EndGlobal
