
Microsoft Visual Studio Solution File, Format Version 12.00
# Visual Studio 15
VisualStudioVersion = 15.0.27130.2027
MinimumVisualStudioVersion = 10.0.40219.1
Project("{FAE04EC0-301F-11D3-BF4B-00C04F79EFBC}") = "OOCPS Day 4", "OOCPS Day 4\OOCPS Day 4.csproj", "{07A21F5C-4E04-4777-81B3-15CAE8107638}"
EndProject
Project("{FAE04EC0-301F-11D3-BF4B-00C04F79EFBC}") = "Workshop 5", "Workshop4\Workshop 5.csproj", "{CCF7FAEA-7F87-4005-AA92-04231FCCBB45}"
EndProject
Global
	GlobalSection(SolutionConfigurationPlatforms) = preSolution
		Debug|Any CPU = Debug|Any CPU
		Release|Any CPU = Release|Any CPU
	EndGlobalSection
	GlobalSection(ProjectConfigurationPlatforms) = postSolution
		{07A21F5C-4E04-4777-81B3-15CAE8107638}.Debug|Any CPU.ActiveCfg = Debug|Any CPU
		{07A21F5C-4E04-4777-81B3-15CAE8107638}.Debug|Any CPU.Build.0 = Debug|Any CPU
		{07A21F5C-4E04-4777-81B3-15CAE8107638}.Release|Any CPU.ActiveCfg = Release|Any CPU
		{07A21F5C-4E04-4777-81B3-15CAE8107638}.Release|Any CPU.Build.0 = Release|Any CPU
		{CCF7FAEA-7F87-4005-AA92-04231FCCBB45}.Debug|Any CPU.ActiveCfg = Debug|Any CPU
		{CCF7FAEA-7F87-4005-AA92-04231FCCBB45}.Debug|Any CPU.Build.0 = Debug|Any CPU
		{CCF7FAEA-7F87-4005-AA92-04231FCCBB45}.Release|Any CPU.ActiveCfg = Release|Any CPU
		{CCF7FAEA-7F87-4005-AA92-04231FCCBB45}.Release|Any CPU.Build.0 = Release|Any CPU
	EndGlobalSection
	GlobalSection(SolutionProperties) = preSolution
		HideSolutionNode = FALSE
	EndGlobalSection
	GlobalSection(ExtensibilityGlobals) = postSolution
		SolutionGuid = {1DDA0288-4ADB-471F-A5C6-D73E2FEEAA11}
	EndGlobalSection
EndGlobal
